
Microsoft Visual Studio Solution File, Format Version 12.00
# Visual Studio Version 17
VisualStudioVersion = 17.2.32616.157
MinimumVisualStudioVersion = 10.0.40219.1
Project("{FAE04EC0-301F-11D3-BF4B-00C04F79EFBC}") = "KisiselWebProjesi", "KisiselWebProjesi\KisiselWebProjesi.csproj", "{AB69513E-C3EB-412A-BBDB-457F1D28BFA6}"
EndProject
Global
	GlobalSection(SolutionConfigurationPlatforms) = preSolution
		Debug|Any CPU = Debug|Any CPU
		Release|Any CPU = Release|Any CPU
	EndGlobalSection
	GlobalSection(ProjectConfigurationPlatforms) = postSolution
		{AB69513E-C3EB-412A-BBDB-457F1D28BFA6}.Debug|Any CPU.ActiveCfg = Debug|Any CPU
		{AB69513E-C3EB-412A-BBDB-457F1D28BFA6}.Debug|Any CPU.Build.0 = Debug|Any CPU
		{AB69513E-C3EB-412A-BBDB-457F1D28BFA6}.Release|Any CPU.ActiveCfg = Release|Any CPU
		{AB69513E-C3EB-412A-BBDB-457F1D28BFA6}.Release|Any CPU.Build.0 = Release|Any CPU
	EndGlobalSection
	GlobalSection(SolutionProperties) = preSolution
		HideSolutionNode = FALSE
	EndGlobalSection
	GlobalSection(ExtensibilityGlobals) = postSolution
		SolutionGuid = {099AA23D-8B1F-42FA-A243-88EA4C8913D1}
	EndGlobalSection
EndGlobal
